// !$*UTF8*$!
{
	archiveVersion = 1;
	classes = {
	};
	objectVersion = 46;
	objects = {

/* Begin PBXBuildFile section */
		B18648D2149565B90053D71F /* Foundation.framework in Frameworks */ = {isa = PBXBuildFile; fileRef = B18648D1149565B90053D71F /* Foundation.framework */; };
		B186491C14956F4A0053D71F /* SystemConfiguration.framework in Frameworks */ = {isa = PBXBuildFile; fileRef = B186491B14956F4A0053D71F /* SystemConfiguration.framework */; };
		B186491E14956F4F0053D71F /* libxml2.dylib in Frameworks */ = {isa = PBXBuildFile; fileRef = B186491D14956F4F0053D71F /* libxml2.dylib */; };
		B1EDFA35157450AC0021E228 /* Airbrake-Prefix.pch in Headers */ = {isa = PBXBuildFile; fileRef = B1EDFA18157450AC0021E228 /* Airbrake-Prefix.pch */; };
		B1EDFA36157450AC0021E228 /* GCAlertView.h in Headers */ = {isa = PBXBuildFile; fileRef = B1EDFA1A157450AC0021E228 /* GCAlertView.h */; };
		B1EDFA37157450AC0021E228 /* GCAlertView.m in Sources */ = {isa = PBXBuildFile; fileRef = B1EDFA1B157450AC0021E228 /* GCAlertView.m */; };
		B1EDFA38157450AC0021E228 /* DDXMLElementAdditions.h in Headers */ = {isa = PBXBuildFile; fileRef = B1EDFA1E157450AC0021E228 /* DDXMLElementAdditions.h */; };
		B1EDFA39157450AC0021E228 /* DDXMLElementAdditions.m in Sources */ = {isa = PBXBuildFile; fileRef = B1EDFA1F157450AC0021E228 /* DDXMLElementAdditions.m */; };
		B1EDFA3A157450AC0021E228 /* NSString+DDXML.h in Headers */ = {isa = PBXBuildFile; fileRef = B1EDFA21157450AC0021E228 /* NSString+DDXML.h */; };
		B1EDFA3B157450AC0021E228 /* NSString+DDXML.m in Sources */ = {isa = PBXBuildFile; fileRef = B1EDFA22157450AC0021E228 /* NSString+DDXML.m */; };
		B1EDFA3C157450AC0021E228 /* DDXML.h in Headers */ = {isa = PBXBuildFile; fileRef = B1EDFA23157450AC0021E228 /* DDXML.h */; };
		B1EDFA3D157450AC0021E228 /* DDXMLDocument.h in Headers */ = {isa = PBXBuildFile; fileRef = B1EDFA24157450AC0021E228 /* DDXMLDocument.h */; };
		B1EDFA3E157450AC0021E228 /* DDXMLDocument.m in Sources */ = {isa = PBXBuildFile; fileRef = B1EDFA25157450AC0021E228 /* DDXMLDocument.m */; };
		B1EDFA3F157450AC0021E228 /* DDXMLElement.h in Headers */ = {isa = PBXBuildFile; fileRef = B1EDFA26157450AC0021E228 /* DDXMLElement.h */; };
		B1EDFA40157450AC0021E228 /* DDXMLElement.m in Sources */ = {isa = PBXBuildFile; fileRef = B1EDFA27157450AC0021E228 /* DDXMLElement.m */; };
		B1EDFA41157450AC0021E228 /* DDXMLNode.h in Headers */ = {isa = PBXBuildFile; fileRef = B1EDFA28157450AC0021E228 /* DDXMLNode.h */; };
		B1EDFA42157450AC0021E228 /* DDXMLNode.m in Sources */ = {isa = PBXBuildFile; fileRef = B1EDFA29157450AC0021E228 /* DDXMLNode.m */; };
		B1EDFA43157450AC0021E228 /* DDXMLPrivate.h in Headers */ = {isa = PBXBuildFile; fileRef = B1EDFA2B157450AC0021E228 /* DDXMLPrivate.h */; };
		B1EDFA44157450AC0021E228 /* ABNotice.h in Headers */ = {isa = PBXBuildFile; fileRef = B1EDFA2D157450AC0021E228 /* ABNotice.h */; };
		B1EDFA45157450AC0021E228 /* ABNotice.m in Sources */ = {isa = PBXBuildFile; fileRef = B1EDFA2E157450AC0021E228 /* ABNotice.m */; };
		B1EDFA46157450AC0021E228 /* ABNotifier.h in Headers */ = {isa = PBXBuildFile; fileRef = B1EDFA30157450AC0021E228 /* ABNotifier.h */; };
		B1EDFA47157450AC0021E228 /* ABNotifier.m in Sources */ = {isa = PBXBuildFile; fileRef = B1EDFA31157450AC0021E228 /* ABNotifier.m */; };
		B1EDFA48157450AC0021E228 /* ABNotifierDelegate.h in Headers */ = {isa = PBXBuildFile; fileRef = B1EDFA32157450AC0021E228 /* ABNotifierDelegate.h */; };
		B1EDFA49157450AC0021E228 /* ABNotifierFunctions.h in Headers */ = {isa = PBXBuildFile; fileRef = B1EDFA33157450AC0021E228 /* ABNotifierFunctions.h */; };
		B1EDFA4A157450AC0021E228 /* ABNotifierFunctions.m in Sources */ = {isa = PBXBuildFile; fileRef = B1EDFA34157450AC0021E228 /* ABNotifierFunctions.m */; };
/* End PBXBuildFile section */

/* Begin PBXFileReference section */
		B18648CE149565B90053D71F /* libAirbrake.a */ = {isa = PBXFileReference; explicitFileType = archive.ar; includeInIndex = 0; path = libAirbrake.a; sourceTree = BUILT_PRODUCTS_DIR; };
		B18648D1149565B90053D71F /* Foundation.framework */ = {isa = PBXFileReference; lastKnownFileType = wrapper.framework; name = Foundation.framework; path = System/Library/Frameworks/Foundation.framework; sourceTree = SDKROOT; };
		B186491B14956F4A0053D71F /* SystemConfiguration.framework */ = {isa = PBXFileReference; lastKnownFileType = wrapper.framework; name = SystemConfiguration.framework; path = System/Library/Frameworks/SystemConfiguration.framework; sourceTree = SDKROOT; };
		B186491D14956F4F0053D71F /* libxml2.dylib */ = {isa = PBXFileReference; lastKnownFileType = "compiled.mach-o.dylib"; name = libxml2.dylib; path = usr/lib/libxml2.dylib; sourceTree = SDKROOT; };
		B1EDFA18157450AC0021E228 /* Airbrake-Prefix.pch */ = {isa = PBXFileReference; fileEncoding = 4; lastKnownFileType = sourcecode.c.h; path = "Airbrake-Prefix.pch"; sourceTree = "<group>"; };
		B1EDFA1A157450AC0021E228 /* GCAlertView.h */ = {isa = PBXFileReference; fileEncoding = 4; lastKnownFileType = sourcecode.c.h; path = GCAlertView.h; sourceTree = "<group>"; };
		B1EDFA1B157450AC0021E228 /* GCAlertView.m */ = {isa = PBXFileReference; fileEncoding = 4; lastKnownFileType = sourcecode.c.objc; path = GCAlertView.m; sourceTree = "<group>"; };
		B1EDFA1E157450AC0021E228 /* DDXMLElementAdditions.h */ = {isa = PBXFileReference; fileEncoding = 4; lastKnownFileType = sourcecode.c.h; path = DDXMLElementAdditions.h; sourceTree = "<group>"; };
		B1EDFA1F157450AC0021E228 /* DDXMLElementAdditions.m */ = {isa = PBXFileReference; fileEncoding = 4; lastKnownFileType = sourcecode.c.objc; path = DDXMLElementAdditions.m; sourceTree = "<group>"; };
		B1EDFA21157450AC0021E228 /* NSString+DDXML.h */ = {isa = PBXFileReference; fileEncoding = 4; lastKnownFileType = sourcecode.c.h; path = "NSString+DDXML.h"; sourceTree = "<group>"; };
		B1EDFA22157450AC0021E228 /* NSString+DDXML.m */ = {isa = PBXFileReference; fileEncoding = 4; lastKnownFileType = sourcecode.c.objc; path = "NSString+DDXML.m"; sourceTree = "<group>"; };
		B1EDFA23157450AC0021E228 /* DDXML.h */ = {isa = PBXFileReference; fileEncoding = 4; lastKnownFileType = sourcecode.c.h; path = DDXML.h; sourceTree = "<group>"; };
		B1EDFA24157450AC0021E228 /* DDXMLDocument.h */ = {isa = PBXFileReference; fileEncoding = 4; lastKnownFileType = sourcecode.c.h; path = DDXMLDocument.h; sourceTree = "<group>"; };
		B1EDFA25157450AC0021E228 /* DDXMLDocument.m */ = {isa = PBXFileReference; fileEncoding = 4; lastKnownFileType = sourcecode.c.objc; path = DDXMLDocument.m; sourceTree = "<group>"; };
		B1EDFA26157450AC0021E228 /* DDXMLElement.h */ = {isa = PBXFileReference; fileEncoding = 4; lastKnownFileType = sourcecode.c.h; path = DDXMLElement.h; sourceTree = "<group>"; };
		B1EDFA27157450AC0021E228 /* DDXMLElement.m */ = {isa = PBXFileReference; fileEncoding = 4; lastKnownFileType = sourcecode.c.objc; path = DDXMLElement.m; sourceTree = "<group>"; };
		B1EDFA28157450AC0021E228 /* DDXMLNode.h */ = {isa = PBXFileReference; fileEncoding = 4; lastKnownFileType = sourcecode.c.h; path = DDXMLNode.h; sourceTree = "<group>"; };
		B1EDFA29157450AC0021E228 /* DDXMLNode.m */ = {isa = PBXFileReference; fileEncoding = 4; lastKnownFileType = sourcecode.c.objc; path = DDXMLNode.m; sourceTree = "<group>"; };
		B1EDFA2B157450AC0021E228 /* DDXMLPrivate.h */ = {isa = PBXFileReference; fileEncoding = 4; lastKnownFileType = sourcecode.c.h; path = DDXMLPrivate.h; sourceTree = "<group>"; };
		B1EDFA2D157450AC0021E228 /* ABNotice.h */ = {isa = PBXFileReference; fileEncoding = 4; lastKnownFileType = sourcecode.c.h; path = ABNotice.h; sourceTree = "<group>"; };
		B1EDFA2E157450AC0021E228 /* ABNotice.m */ = {isa = PBXFileReference; fileEncoding = 4; lastKnownFileType = sourcecode.c.objc; path = ABNotice.m; sourceTree = "<group>"; };
		B1EDFA2F157450AC0021E228 /* ABNotifier.bundle */ = {isa = PBXFileReference; lastKnownFileType = "wrapper.plug-in"; path = ABNotifier.bundle; sourceTree = "<group>"; };
		B1EDFA30157450AC0021E228 /* ABNotifier.h */ = {isa = PBXFileReference; fileEncoding = 4; lastKnownFileType = sourcecode.c.h; path = ABNotifier.h; sourceTree = "<group>"; };
		B1EDFA31157450AC0021E228 /* ABNotifier.m */ = {isa = PBXFileReference; fileEncoding = 4; lastKnownFileType = sourcecode.c.objc; path = ABNotifier.m; sourceTree = "<group>"; };
		B1EDFA32157450AC0021E228 /* ABNotifierDelegate.h */ = {isa = PBXFileReference; fileEncoding = 4; lastKnownFileType = sourcecode.c.h; path = ABNotifierDelegate.h; sourceTree = "<group>"; };
		B1EDFA33157450AC0021E228 /* ABNotifierFunctions.h */ = {isa = PBXFileReference; fileEncoding = 4; lastKnownFileType = sourcecode.c.h; path = ABNotifierFunctions.h; sourceTree = "<group>"; };
		B1EDFA34157450AC0021E228 /* ABNotifierFunctions.m */ = {isa = PBXFileReference; fileEncoding = 4; lastKnownFileType = sourcecode.c.objc; path = ABNotifierFunctions.m; sourceTree = "<group>"; };
/* End PBXFileReference section */

/* Begin PBXFrameworksBuildPhase section */
		B18648CB149565B90053D71F /* Frameworks */ = {
			isa = PBXFrameworksBuildPhase;
			buildActionMask = 2147483647;
			files = (
				B186491E14956F4F0053D71F /* libxml2.dylib in Frameworks */,
				B186491C14956F4A0053D71F /* SystemConfiguration.framework in Frameworks */,
				B18648D2149565B90053D71F /* Foundation.framework in Frameworks */,
			);
			runOnlyForDeploymentPostprocessing = 0;
		};
/* End PBXFrameworksBuildPhase section */

/* Begin PBXGroup section */
		B18648C3149565B90053D71F = {
			isa = PBXGroup;
			children = (
				B1EDFA17157450AC0021E228 /* Airbrake */,
				B18648D0149565B90053D71F /* Frameworks */,
				B18648CF149565B90053D71F /* Products */,
			);
			sourceTree = "<group>";
		};
		B18648CF149565B90053D71F /* Products */ = {
			isa = PBXGroup;
			children = (
				B18648CE149565B90053D71F /* libAirbrake.a */,
			);
			name = Products;
			sourceTree = "<group>";
		};
		B18648D0149565B90053D71F /* Frameworks */ = {
			isa = PBXGroup;
			children = (
				B186491B14956F4A0053D71F /* SystemConfiguration.framework */,
				B186491D14956F4F0053D71F /* libxml2.dylib */,
				B18648D1149565B90053D71F /* Foundation.framework */,
			);
			name = Frameworks;
			sourceTree = "<group>";
		};
		B1EDFA17157450AC0021E228 /* Airbrake */ = {
			isa = PBXGroup;
			children = (
				B1EDFA18157450AC0021E228 /* Airbrake-Prefix.pch */,
				B1EDFA19157450AC0021E228 /* gcalertview */,
				B1EDFA1C157450AC0021E228 /* kissxml */,
				B1EDFA2C157450AC0021E228 /* notifier */,
			);
			path = Airbrake;
			sourceTree = "<group>";
		};
		B1EDFA19157450AC0021E228 /* gcalertview */ = {
			isa = PBXGroup;
			children = (
				B1EDFA1A157450AC0021E228 /* GCAlertView.h */,
				B1EDFA1B157450AC0021E228 /* GCAlertView.m */,
			);
			path = gcalertview;
			sourceTree = "<group>";
		};
		B1EDFA1C157450AC0021E228 /* kissxml */ = {
			isa = PBXGroup;
			children = (
				B1EDFA1D157450AC0021E228 /* Additions */,
				B1EDFA20157450AC0021E228 /* Categories */,
				B1EDFA23157450AC0021E228 /* DDXML.h */,
				B1EDFA24157450AC0021E228 /* DDXMLDocument.h */,
				B1EDFA25157450AC0021E228 /* DDXMLDocument.m */,
				B1EDFA26157450AC0021E228 /* DDXMLElement.h */,
				B1EDFA27157450AC0021E228 /* DDXMLElement.m */,
				B1EDFA28157450AC0021E228 /* DDXMLNode.h */,
				B1EDFA29157450AC0021E228 /* DDXMLNode.m */,
				B1EDFA2A157450AC0021E228 /* Private */,
			);
			path = kissxml;
			sourceTree = "<group>";
		};
		B1EDFA1D157450AC0021E228 /* Additions */ = {
			isa = PBXGroup;
			children = (
				B1EDFA1E157450AC0021E228 /* DDXMLElementAdditions.h */,
				B1EDFA1F157450AC0021E228 /* DDXMLElementAdditions.m */,
			);
			path = Additions;
			sourceTree = "<group>";
		};
		B1EDFA20157450AC0021E228 /* Categories */ = {
			isa = PBXGroup;
			children = (
				B1EDFA21157450AC0021E228 /* NSString+DDXML.h */,
				B1EDFA22157450AC0021E228 /* NSString+DDXML.m */,
			);
			path = Categories;
			sourceTree = "<group>";
		};
		B1EDFA2A157450AC0021E228 /* Private */ = {
			isa = PBXGroup;
			children = (
				B1EDFA2B157450AC0021E228 /* DDXMLPrivate.h */,
			);
			path = Private;
			sourceTree = "<group>";
		};
		B1EDFA2C157450AC0021E228 /* notifier */ = {
			isa = PBXGroup;
			children = (
				B1EDFA2D157450AC0021E228 /* ABNotice.h */,
				B1EDFA2E157450AC0021E228 /* ABNotice.m */,
				B1EDFA2F157450AC0021E228 /* ABNotifier.bundle */,
				B1EDFA30157450AC0021E228 /* ABNotifier.h */,
				B1EDFA31157450AC0021E228 /* ABNotifier.m */,
				B1EDFA32157450AC0021E228 /* ABNotifierDelegate.h */,
				B1EDFA33157450AC0021E228 /* ABNotifierFunctions.h */,
				B1EDFA34157450AC0021E228 /* ABNotifierFunctions.m */,
			);
			path = notifier;
			sourceTree = "<group>";
		};
/* End PBXGroup section */

/* Begin PBXHeadersBuildPhase section */
		B18648CC149565B90053D71F /* Headers */ = {
			isa = PBXHeadersBuildPhase;
			buildActionMask = 2147483647;
			files = (
				B1EDFA35157450AC0021E228 /* Airbrake-Prefix.pch in Headers */,
				B1EDFA36157450AC0021E228 /* GCAlertView.h in Headers */,
				B1EDFA38157450AC0021E228 /* DDXMLElementAdditions.h in Headers */,
				B1EDFA3A157450AC0021E228 /* NSString+DDXML.h in Headers */,
				B1EDFA3C157450AC0021E228 /* DDXML.h in Headers */,
				B1EDFA3D157450AC0021E228 /* DDXMLDocument.h in Headers */,
				B1EDFA3F157450AC0021E228 /* DDXMLElement.h in Headers */,
				B1EDFA41157450AC0021E228 /* DDXMLNode.h in Headers */,
				B1EDFA43157450AC0021E228 /* DDXMLPrivate.h in Headers */,
				B1EDFA44157450AC0021E228 /* ABNotice.h in Headers */,
				B1EDFA46157450AC0021E228 /* ABNotifier.h in Headers */,
				B1EDFA48157450AC0021E228 /* ABNotifierDelegate.h in Headers */,
				B1EDFA49157450AC0021E228 /* ABNotifierFunctions.h in Headers */,
			);
			runOnlyForDeploymentPostprocessing = 0;
		};
/* End PBXHeadersBuildPhase section */

/* Begin PBXNativeTarget section */
		B18648CD149565B90053D71F /* Airbrake */ = {
			isa = PBXNativeTarget;
			buildConfigurationList = B18648DB149565B90053D71F /* Build configuration list for PBXNativeTarget "Airbrake" */;
			buildPhases = (
				B18648CA149565B90053D71F /* Sources */,
				B18648CB149565B90053D71F /* Frameworks */,
				B18648CC149565B90053D71F /* Headers */,
			);
			buildRules = (
			);
			dependencies = (
			);
			name = Airbrake;
			productName = Airbrake;
			productReference = B18648CE149565B90053D71F /* libAirbrake.a */;
			productType = "com.apple.product-type.library.static";
		};
/* End PBXNativeTarget section */

/* Begin PBXProject section */
		B18648C5149565B90053D71F /* Project object */ = {
			isa = PBXProject;
			attributes = {
				LastUpgradeCheck = 0420;
				ORGANIZATIONNAME = TrikeApps;
			};
			buildConfigurationList = B18648C8149565B90053D71F /* Build configuration list for PBXProject "Airbrake" */;
			compatibilityVersion = "Xcode 3.2";
			developmentRegion = English;
			hasScannedForEncodings = 0;
			knownRegions = (
				en,
				de,
				es,
				fr,
				nl,
				ro,
				ru,
				"zh-Hant",
			);
			mainGroup = B18648C3149565B90053D71F;
			productRefGroup = B18648CF149565B90053D71F /* Products */;
			projectDirPath = "";
			projectRoot = "";
			targets = (
				B18648CD149565B90053D71F /* Airbrake */,
			);
		};
/* End PBXProject section */

/* Begin PBXSourcesBuildPhase section */
		B18648CA149565B90053D71F /* Sources */ = {
			isa = PBXSourcesBuildPhase;
			buildActionMask = 2147483647;
			files = (
				B1EDFA37157450AC0021E228 /* GCAlertView.m in Sources */,
				B1EDFA39157450AC0021E228 /* DDXMLElementAdditions.m in Sources */,
				B1EDFA3B157450AC0021E228 /* NSString+DDXML.m in Sources */,
				B1EDFA3E157450AC0021E228 /* DDXMLDocument.m in Sources */,
				B1EDFA40157450AC0021E228 /* DDXMLElement.m in Sources */,
				B1EDFA42157450AC0021E228 /* DDXMLNode.m in Sources */,
				B1EDFA45157450AC0021E228 /* ABNotice.m in Sources */,
				B1EDFA47157450AC0021E228 /* ABNotifier.m in Sources */,
				B1EDFA4A157450AC0021E228 /* ABNotifierFunctions.m in Sources */,
			);
			runOnlyForDeploymentPostprocessing = 0;
		};
/* End PBXSourcesBuildPhase section */

/* Begin XCBuildConfiguration section */
		B138D8D8153807B100D1BCCA /* AppStore */ = {
			isa = XCBuildConfiguration;
			buildSettings = {
				ALWAYS_SEARCH_USER_PATHS = NO;
				ARCHS = "$(ARCHS_STANDARD_32_BIT)";
				COPY_PHASE_STRIP = YES;
				GCC_C_LANGUAGE_STANDARD = gnu99;
				GCC_VERSION = com.apple.compilers.llvm.clang.1_0;
				GCC_WARN_ABOUT_MISSING_PROTOTYPES = YES;
				GCC_WARN_ABOUT_RETURN_TYPE = YES;
				GCC_WARN_UNUSED_VARIABLE = YES;
				HEADER_SEARCH_PATHS = /usr/include/libxml2;
				IPHONEOS_DEPLOYMENT_TARGET = 4.3;
				SDKROOT = iphoneos;
				VALIDATE_PRODUCT = YES;
			};
			name = AppStore;
		};
		B138D8D9153807B100D1BCCA /* AppStore */ = {
			isa = XCBuildConfiguration;
			buildSettings = {
				DSTROOT = /tmp/Airbrake.dst;
				GCC_PRECOMPILE_PREFIX_HEADER = YES;
				GCC_PREFIX_HEADER = "Airbrake/Airbrake-Prefix.pch";
				OTHER_LDFLAGS = "-ObjC";
				PRODUCT_NAME = "$(TARGET_NAME)";
				SKIP_INSTALL = YES;
			};
			name = AppStore;
		};
		B18648D9149565B90053D71F /* Debug */ = {
			isa = XCBuildConfiguration;
			buildSettings = {
				ALWAYS_SEARCH_USER_PATHS = NO;
				ARCHS = "$(ARCHS_STANDARD_32_BIT)";
				COPY_PHASE_STRIP = NO;
				GCC_C_LANGUAGE_STANDARD = gnu99;
				GCC_DYNAMIC_NO_PIC = NO;
				GCC_OPTIMIZATION_LEVEL = 0;
				GCC_PREPROCESSOR_DEFINITIONS = (
					"DEBUG=1",
					"$(inherited)",
				);
				GCC_SYMBOLS_PRIVATE_EXTERN = NO;
				GCC_VERSION = com.apple.compilers.llvm.clang.1_0;
				GCC_WARN_ABOUT_MISSING_PROTOTYPES = YES;
				GCC_WARN_ABOUT_RETURN_TYPE = YES;
				GCC_WARN_UNUSED_VARIABLE = YES;
				HEADER_SEARCH_PATHS = /usr/include/libxml2;
				IPHONEOS_DEPLOYMENT_TARGET = 4.3;
				SDKROOT = iphoneos;
			};
			name = Debug;
		};
		B18648DA149565B90053D71F /* Release */ = {
			isa = XCBuildConfiguration;
			buildSettings = {
				ALWAYS_SEARCH_USER_PATHS = NO;
				ARCHS = "$(ARCHS_STANDARD_32_BIT)";
				COPY_PHASE_STRIP = YES;
				GCC_C_LANGUAGE_STANDARD = gnu99;
				GCC_VERSION = com.apple.compilers.llvm.clang.1_0;
				GCC_WARN_ABOUT_MISSING_PROTOTYPES = YES;
				GCC_WARN_ABOUT_RETURN_TYPE = YES;
				GCC_WARN_UNUSED_VARIABLE = YES;
				HEADER_SEARCH_PATHS = /usr/include/libxml2;
				IPHONEOS_DEPLOYMENT_TARGET = 4.3;
				SDKROOT = iphoneos;
				VALIDATE_PRODUCT = YES;
			};
			name = Release;
		};
		B18648DC149565B90053D71F /* Debug */ = {
			isa = XCBuildConfiguration;
			buildSettings = {
				DSTROOT = /tmp/Airbrake.dst;
				GCC_PRECOMPILE_PREFIX_HEADER = YES;
				GCC_PREFIX_HEADER = "Airbrake/Airbrake-Prefix.pch";
				OTHER_LDFLAGS = "-ObjC";
				PRODUCT_NAME = "$(TARGET_NAME)";
				SKIP_INSTALL = YES;
			};
			name = Debug;
		};
		B18648DD149565B90053D71F /* Release */ = {
			isa = XCBuildConfiguration;
			buildSettings = {
				DSTROOT = /tmp/Airbrake.dst;
				GCC_PRECOMPILE_PREFIX_HEADER = YES;
				GCC_PREFIX_HEADER = "Airbrake/Airbrake-Prefix.pch";
				OTHER_LDFLAGS = "-ObjC";
				PRODUCT_NAME = "$(TARGET_NAME)";
				SKIP_INSTALL = YES;
			};
			name = Release;
		};
		B1B99057149AE20100F909A1 /* Ad-Hoc */ = {
			isa = XCBuildConfiguration;
			buildSettings = {
				ALWAYS_SEARCH_USER_PATHS = NO;
				ARCHS = "$(ARCHS_STANDARD_32_BIT)";
				COPY_PHASE_STRIP = YES;
				GCC_C_LANGUAGE_STANDARD = gnu99;
				GCC_VERSION = com.apple.compilers.llvm.clang.1_0;
				GCC_WARN_ABOUT_MISSING_PROTOTYPES = YES;
				GCC_WARN_ABOUT_RETURN_TYPE = YES;
				GCC_WARN_UNUSED_VARIABLE = YES;
				HEADER_SEARCH_PATHS = /usr/include/libxml2;
				IPHONEOS_DEPLOYMENT_TARGET = 4.3;
				SDKROOT = iphoneos;
				VALIDATE_PRODUCT = YES;
			};
			name = "Ad-Hoc";
		};
		B1B99058149AE20100F909A1 /* Ad-Hoc */ = {
			isa = XCBuildConfiguration;
			buildSettings = {
				DSTROOT = /tmp/Airbrake.dst;
				GCC_PRECOMPILE_PREFIX_HEADER = YES;
				GCC_PREFIX_HEADER = "Airbrake/Airbrake-Prefix.pch";
				OTHER_LDFLAGS = "-ObjC";
				PRODUCT_NAME = "$(TARGET_NAME)";
				SKIP_INSTALL = YES;
			};
			name = "Ad-Hoc";
		};
/* End XCBuildConfiguration section */

/* Begin XCConfigurationList section */
		B18648C8149565B90053D71F /* Build configuration list for PBXProject "Airbrake" */ = {
			isa = XCConfigurationList;
			buildConfigurations = (
				B18648D9149565B90053D71F /* Debug */,
				B18648DA149565B90053D71F /* Release */,
				B138D8D8153807B100D1BCCA /* AppStore */,
				B1B99057149AE20100F909A1 /* Ad-Hoc */,
			);
			defaultConfigurationIsVisible = 0;
			defaultConfigurationName = Release;
		};
		B18648DB149565B90053D71F /* Build configuration list for PBXNativeTarget "Airbrake" */ = {
			isa = XCConfigurationList;
			buildConfigurations = (
				B18648DC149565B90053D71F /* Debug */,
				B18648DD149565B90053D71F /* Release */,
				B138D8D9153807B100D1BCCA /* AppStore */,
				B1B99058149AE20100F909A1 /* Ad-Hoc */,
			);
			defaultConfigurationIsVisible = 0;
			defaultConfigurationName = Release;
		};
/* End XCConfigurationList section */
	};
	rootObject = B18648C5149565B90053D71F /* Project object */;
}
